
Microsoft Visual Studio Solution File, Format Version 12.00
# Visual Studio Version 17
VisualStudioVersion = 17.1.32210.238
MinimumVisualStudioVersion = 10.0.40219.1
Project("{9A19103F-16F7-4668-BE54-9A1E7A4F7556}") = "BioTonFMSApp", "BioTonFMSApp.csproj", "{6F0BA2D1-C8CE-47F3-93E3-939D41B8F07B}"
EndProject
Project("{9A19103F-16F7-4668-BE54-9A1E7A4F7556}") = "BioTonFMS.Infrastructure.EF", "..\BioTonFMS.Infrastructure.EF\BioTonFMS.Infrastructure.EF.csproj", "{F1A3C8EE-4B12-45BE-8C6F-DBDA4E1B2B79}"
EndProject
Project("{9A19103F-16F7-4668-BE54-9A1E7A4F7556}") = "BioTonFMS.Domain", "..\BioTonFMS.Domain\BioTonFMS.Domain.csproj", "{516232B4-101A-4369-B9E8-0D6C2C0B57A9}"
EndProject
Project("{9A19103F-16F7-4668-BE54-9A1E7A4F7556}") = "BioTonFMS.Infrastructure", "..\BioTonFMS.Infrastructure\BioTonFMS.Infrastructure.csproj", "{409B2F11-F23B-4137-B2FE-0034458C3E3D}"
EndProject
Project("{2150E333-8FDC-42A3-9474-1A3956D46DE8}") = ".tools", ".tools", "{DCC281AE-C83B-4E61-B639-A1C351C8040E}"
EndProject
Project("{9A19103F-16F7-4668-BE54-9A1E7A4F7556}") = "BioTonFMS.Version", "..\.tools\BioTonFMS.Version\BioTonFMS.Version.csproj", "{773FEA5B-9910-438D-9264-5C203E26C0D5}"
EndProject
Global
	GlobalSection(SolutionConfigurationPlatforms) = preSolution
		Debug|Any CPU = Debug|Any CPU
		Production|Any CPU = Production|Any CPU
		Release|Any CPU = Release|Any CPU
	EndGlobalSection
	GlobalSection(ProjectConfigurationPlatforms) = postSolution
		{6F0BA2D1-C8CE-47F3-93E3-939D41B8F07B}.Debug|Any CPU.ActiveCfg = Debug|Any CPU
		{6F0BA2D1-C8CE-47F3-93E3-939D41B8F07B}.Debug|Any CPU.Build.0 = Debug|Any CPU
		{6F0BA2D1-C8CE-47F3-93E3-939D41B8F07B}.Production|Any CPU.ActiveCfg = Release|Any CPU
		{6F0BA2D1-C8CE-47F3-93E3-939D41B8F07B}.Production|Any CPU.Build.0 = Release|Any CPU
		{6F0BA2D1-C8CE-47F3-93E3-939D41B8F07B}.Release|Any CPU.ActiveCfg = Release|Any CPU
		{6F0BA2D1-C8CE-47F3-93E3-939D41B8F07B}.Release|Any CPU.Build.0 = Release|Any CPU
		{F1A3C8EE-4B12-45BE-8C6F-DBDA4E1B2B79}.Debug|Any CPU.ActiveCfg = Debug|Any CPU
		{F1A3C8EE-4B12-45BE-8C6F-DBDA4E1B2B79}.Debug|Any CPU.Build.0 = Debug|Any CPU
		{F1A3C8EE-4B12-45BE-8C6F-DBDA4E1B2B79}.Production|Any CPU.ActiveCfg = Release|Any CPU
		{F1A3C8EE-4B12-45BE-8C6F-DBDA4E1B2B79}.Production|Any CPU.Build.0 = Release|Any CPU
		{F1A3C8EE-4B12-45BE-8C6F-DBDA4E1B2B79}.Release|Any CPU.ActiveCfg = Release|Any CPU
		{F1A3C8EE-4B12-45BE-8C6F-DBDA4E1B2B79}.Release|Any CPU.Build.0 = Release|Any CPU
		{516232B4-101A-4369-B9E8-0D6C2C0B57A9}.Debug|Any CPU.ActiveCfg = Debug|Any CPU
		{516232B4-101A-4369-B9E8-0D6C2C0B57A9}.Debug|Any CPU.Build.0 = Debug|Any CPU
		{516232B4-101A-4369-B9E8-0D6C2C0B57A9}.Production|Any CPU.ActiveCfg = Release|Any CPU
		{516232B4-101A-4369-B9E8-0D6C2C0B57A9}.Production|Any CPU.Build.0 = Release|Any CPU
		{516232B4-101A-4369-B9E8-0D6C2C0B57A9}.Release|Any CPU.ActiveCfg = Release|Any CPU
		{516232B4-101A-4369-B9E8-0D6C2C0B57A9}.Release|Any CPU.Build.0 = Release|Any CPU
		{409B2F11-F23B-4137-B2FE-0034458C3E3D}.Debug|Any CPU.ActiveCfg = Debug|Any CPU
		{409B2F11-F23B-4137-B2FE-0034458C3E3D}.Debug|Any CPU.Build.0 = Debug|Any CPU
		{409B2F11-F23B-4137-B2FE-0034458C3E3D}.Production|Any CPU.ActiveCfg = Release|Any CPU
		{409B2F11-F23B-4137-B2FE-0034458C3E3D}.Production|Any CPU.Build.0 = Release|Any CPU
		{409B2F11-F23B-4137-B2FE-0034458C3E3D}.Release|Any CPU.ActiveCfg = Release|Any CPU
		{409B2F11-F23B-4137-B2FE-0034458C3E3D}.Release|Any CPU.Build.0 = Release|Any CPU
		{773FEA5B-9910-438D-9264-5C203E26C0D5}.Debug|Any CPU.ActiveCfg = Debug|Any CPU
		{773FEA5B-9910-438D-9264-5C203E26C0D5}.Debug|Any CPU.Build.0 = Debug|Any CPU
		{773FEA5B-9910-438D-9264-5C203E26C0D5}.Production|Any CPU.ActiveCfg = Production|Any CPU
		{773FEA5B-9910-438D-9264-5C203E26C0D5}.Production|Any CPU.Build.0 = Production|Any CPU
		{773FEA5B-9910-438D-9264-5C203E26C0D5}.Release|Any CPU.ActiveCfg = Release|Any CPU
		{773FEA5B-9910-438D-9264-5C203E26C0D5}.Release|Any CPU.Build.0 = Release|Any CPU
	EndGlobalSection
	GlobalSection(SolutionProperties) = preSolution
		HideSolutionNode = FALSE
	EndGlobalSection
	GlobalSection(NestedProjects) = preSolution
		{773FEA5B-9910-438D-9264-5C203E26C0D5} = {DCC281AE-C83B-4E61-B639-A1C351C8040E}
	EndGlobalSection
	GlobalSection(ExtensibilityGlobals) = postSolution
		SolutionGuid = {29D0711B-D631-44B8-89C7-9A737949225A}
	EndGlobalSection
EndGlobal
