
Microsoft Visual Studio Solution File, Format Version 12.00
# Visual Studio Version 17
VisualStudioVersion = 17.1.32210.238
MinimumVisualStudioVersion = 10.0.40219.1
Project("{9A19103F-16F7-4668-BE54-9A1E7A4F7556}") = "BioTonFMSApp", "BioTonFMSApp.csproj", "{6F0BA2D1-C8CE-47F3-93E3-939D41B8F07B}"
EndProject
Project("{9A19103F-16F7-4668-BE54-9A1E7A4F7556}") = "BioTonFMS.Infrastructure.EF", "..\BioTonFMS.Infrastructure.EF\BioTonFMS.Infrastructure.EF.csproj", "{F1A3C8EE-4B12-45BE-8C6F-DBDA4E1B2B79}"
EndProject
Project("{9A19103F-16F7-4668-BE54-9A1E7A4F7556}") = "BioTonFMS.Domain", "..\BioTonFMS.Domain\BioTonFMS.Domain.csproj", "{516232B4-101A-4369-B9E8-0D6C2C0B57A9}"
EndProject
Project("{9A19103F-16F7-4668-BE54-9A1E7A4F7556}") = "BioTonFMS.Infrastructure", "..\BioTonFMS.Infrastructure\BioTonFMS.Infrastructure.csproj", "{409B2F11-F23B-4137-B2FE-0034458C3E3D}"
EndProject
Project("{2150E333-8FDC-42A3-9474-1A3956D46DE8}") = ".tools", ".tools", "{DCC281AE-C83B-4E61-B639-A1C351C8040E}"
EndProject
Project("{9A19103F-16F7-4668-BE54-9A1E7A4F7556}") = "BioTonFMS.Version", "..\.tools\BioTonFMS.Version\BioTonFMS.Version.csproj", "{773FEA5B-9910-438D-9264-5C203E26C0D5}"
EndProject
Project("{9A19103F-16F7-4668-BE54-9A1E7A4F7556}") = "BioTonFMS.Migrations", "..\BioTonFMS.Migrations\BioTonFMS.Migrations.csproj", "{9EEDBEB3-C47E-4821-AA34-85382E5B525F}"
EndProject
Project("{9A19103F-16F7-4668-BE54-9A1E7A4F7556}") = "BioTonFMS.Security", "..\BioTonFMS.Security\BioTonFMS.Security.csproj", "{D797822A-D679-4168-8D71-EE2AEE54F13E}"
EndProject
Project("{9A19103F-16F7-4668-BE54-9A1E7A4F7556}") = "BioTonFMS.Telematica", "..\BioTonFMS.Telematica\BioTonFMS.Telematica.csproj", "{75314F5E-13E5-426E-A0B3-02D507ECC49E}"
EndProject
Project("{9A19103F-16F7-4668-BE54-9A1E7A4F7556}") = "BiotonFMS.Telematica.Tests", "..\.UnitTests\BiotonFMS.Telematica.Tests\BiotonFMS.Telematica.Tests.csproj", "{736634F1-6FB5-45B0-8EA8-5AECE08EAB2B}"
EndProject
Project("{2150E333-8FDC-42A3-9474-1A3956D46DE8}") = ".UnitTests", ".UnitTests", "{C3EA5DCC-93BB-463C-A998-6DFF70637FCC}"
EndProject
Project("{2150E333-8FDC-42A3-9474-1A3956D46DE8}") = "TrackerMessages", "TrackerMessages", "{51D6A086-7468-4FB4-859E-ADF8A6EF9765}"
EndProject
Project("{9A19103F-16F7-4668-BE54-9A1E7A4F7556}") = "BioTonFMS.TrackerMessageHandler", "..\TrackerMessages\BioTonFMS.TrackerMessageHandler\BioTonFMS.TrackerMessageHandler.csproj", "{EAF49D24-F15B-4647-B6D5-5A5B1CE1B755}"
EndProject
Project("{9A19103F-16F7-4668-BE54-9A1E7A4F7556}") = "BioTonFMS.TrackerTcpServer", "..\TrackerMessages\BioTonFMS.TrackerTcpServer\BioTonFMS.TrackerTcpServer.csproj", "{69A0BA79-B268-4728-8FC8-557D6B524F1E}"
EndProject
Project("{9A19103F-16F7-4668-BE54-9A1E7A4F7556}") = "TestTcpTrackerClient", "..\TrackerMessages\TestTcpClient\TestTcpTrackerClient.csproj", "{A2D2B6AC-A654-45DF-A9BC-CCB568EE0707}"
EndProject
Project("{9A19103F-16F7-4668-BE54-9A1E7A4F7556}") = "BioTonFMS.Infrastructure.RabbitMQ", "..\BioTonFMS.Infrastructure.RabbitMQ\BioTonFMS.Infrastructure.RabbitMQ.csproj", "{6F0B62DC-1A05-48F5-9B4F-BC07DCFF7C58}"
EndProject
Project("{9A19103F-16F7-4668-BE54-9A1E7A4F7556}") = "BioTonFMS.Common", "..\BioTonFMS.Common\BioTonFMS.Common.csproj", "{F6363A4F-AFE1-4794-9B18-CD2E4B45C1D7}"
EndProject
Global
	GlobalSection(SolutionConfigurationPlatforms) = preSolution
		Debug|Any CPU = Debug|Any CPU
		Production|Any CPU = Production|Any CPU
		Release|Any CPU = Release|Any CPU
	EndGlobalSection
	GlobalSection(ProjectConfigurationPlatforms) = postSolution
		{6F0BA2D1-C8CE-47F3-93E3-939D41B8F07B}.Debug|Any CPU.ActiveCfg = Debug|Any CPU
		{6F0BA2D1-C8CE-47F3-93E3-939D41B8F07B}.Debug|Any CPU.Build.0 = Debug|Any CPU
		{6F0BA2D1-C8CE-47F3-93E3-939D41B8F07B}.Production|Any CPU.ActiveCfg = Release|Any CPU
		{6F0BA2D1-C8CE-47F3-93E3-939D41B8F07B}.Production|Any CPU.Build.0 = Release|Any CPU
		{6F0BA2D1-C8CE-47F3-93E3-939D41B8F07B}.Release|Any CPU.ActiveCfg = Release|Any CPU
		{6F0BA2D1-C8CE-47F3-93E3-939D41B8F07B}.Release|Any CPU.Build.0 = Release|Any CPU
		{F1A3C8EE-4B12-45BE-8C6F-DBDA4E1B2B79}.Debug|Any CPU.ActiveCfg = Debug|Any CPU
		{F1A3C8EE-4B12-45BE-8C6F-DBDA4E1B2B79}.Debug|Any CPU.Build.0 = Debug|Any CPU
		{F1A3C8EE-4B12-45BE-8C6F-DBDA4E1B2B79}.Production|Any CPU.ActiveCfg = Release|Any CPU
		{F1A3C8EE-4B12-45BE-8C6F-DBDA4E1B2B79}.Production|Any CPU.Build.0 = Release|Any CPU
		{F1A3C8EE-4B12-45BE-8C6F-DBDA4E1B2B79}.Release|Any CPU.ActiveCfg = Release|Any CPU
		{F1A3C8EE-4B12-45BE-8C6F-DBDA4E1B2B79}.Release|Any CPU.Build.0 = Release|Any CPU
		{516232B4-101A-4369-B9E8-0D6C2C0B57A9}.Debug|Any CPU.ActiveCfg = Debug|Any CPU
		{516232B4-101A-4369-B9E8-0D6C2C0B57A9}.Debug|Any CPU.Build.0 = Debug|Any CPU
		{516232B4-101A-4369-B9E8-0D6C2C0B57A9}.Production|Any CPU.ActiveCfg = Release|Any CPU
		{516232B4-101A-4369-B9E8-0D6C2C0B57A9}.Production|Any CPU.Build.0 = Release|Any CPU
		{516232B4-101A-4369-B9E8-0D6C2C0B57A9}.Release|Any CPU.ActiveCfg = Release|Any CPU
		{516232B4-101A-4369-B9E8-0D6C2C0B57A9}.Release|Any CPU.Build.0 = Release|Any CPU
		{409B2F11-F23B-4137-B2FE-0034458C3E3D}.Debug|Any CPU.ActiveCfg = Debug|Any CPU
		{409B2F11-F23B-4137-B2FE-0034458C3E3D}.Debug|Any CPU.Build.0 = Debug|Any CPU
		{409B2F11-F23B-4137-B2FE-0034458C3E3D}.Production|Any CPU.ActiveCfg = Release|Any CPU
		{409B2F11-F23B-4137-B2FE-0034458C3E3D}.Production|Any CPU.Build.0 = Release|Any CPU
		{409B2F11-F23B-4137-B2FE-0034458C3E3D}.Release|Any CPU.ActiveCfg = Release|Any CPU
		{409B2F11-F23B-4137-B2FE-0034458C3E3D}.Release|Any CPU.Build.0 = Release|Any CPU
		{773FEA5B-9910-438D-9264-5C203E26C0D5}.Debug|Any CPU.ActiveCfg = Debug|Any CPU
		{773FEA5B-9910-438D-9264-5C203E26C0D5}.Debug|Any CPU.Build.0 = Debug|Any CPU
		{773FEA5B-9910-438D-9264-5C203E26C0D5}.Production|Any CPU.ActiveCfg = Production|Any CPU
		{773FEA5B-9910-438D-9264-5C203E26C0D5}.Production|Any CPU.Build.0 = Production|Any CPU
		{773FEA5B-9910-438D-9264-5C203E26C0D5}.Release|Any CPU.ActiveCfg = Release|Any CPU
		{773FEA5B-9910-438D-9264-5C203E26C0D5}.Release|Any CPU.Build.0 = Release|Any CPU
		{9EEDBEB3-C47E-4821-AA34-85382E5B525F}.Debug|Any CPU.ActiveCfg = Debug|Any CPU
		{9EEDBEB3-C47E-4821-AA34-85382E5B525F}.Debug|Any CPU.Build.0 = Debug|Any CPU
		{9EEDBEB3-C47E-4821-AA34-85382E5B525F}.Production|Any CPU.ActiveCfg = Debug|Any CPU
		{9EEDBEB3-C47E-4821-AA34-85382E5B525F}.Production|Any CPU.Build.0 = Debug|Any CPU
		{9EEDBEB3-C47E-4821-AA34-85382E5B525F}.Release|Any CPU.ActiveCfg = Release|Any CPU
		{9EEDBEB3-C47E-4821-AA34-85382E5B525F}.Release|Any CPU.Build.0 = Release|Any CPU
		{D797822A-D679-4168-8D71-EE2AEE54F13E}.Debug|Any CPU.ActiveCfg = Debug|Any CPU
		{D797822A-D679-4168-8D71-EE2AEE54F13E}.Debug|Any CPU.Build.0 = Debug|Any CPU
		{D797822A-D679-4168-8D71-EE2AEE54F13E}.Production|Any CPU.ActiveCfg = Debug|Any CPU
		{D797822A-D679-4168-8D71-EE2AEE54F13E}.Production|Any CPU.Build.0 = Debug|Any CPU
		{D797822A-D679-4168-8D71-EE2AEE54F13E}.Release|Any CPU.ActiveCfg = Release|Any CPU
		{D797822A-D679-4168-8D71-EE2AEE54F13E}.Release|Any CPU.Build.0 = Release|Any CPU
		{75314F5E-13E5-426E-A0B3-02D507ECC49E}.Debug|Any CPU.ActiveCfg = Debug|Any CPU
		{75314F5E-13E5-426E-A0B3-02D507ECC49E}.Debug|Any CPU.Build.0 = Debug|Any CPU
		{75314F5E-13E5-426E-A0B3-02D507ECC49E}.Production|Any CPU.ActiveCfg = Debug|Any CPU
		{75314F5E-13E5-426E-A0B3-02D507ECC49E}.Production|Any CPU.Build.0 = Debug|Any CPU
		{75314F5E-13E5-426E-A0B3-02D507ECC49E}.Release|Any CPU.ActiveCfg = Release|Any CPU
		{75314F5E-13E5-426E-A0B3-02D507ECC49E}.Release|Any CPU.Build.0 = Release|Any CPU
		{736634F1-6FB5-45B0-8EA8-5AECE08EAB2B}.Debug|Any CPU.ActiveCfg = Debug|Any CPU
		{736634F1-6FB5-45B0-8EA8-5AECE08EAB2B}.Debug|Any CPU.Build.0 = Debug|Any CPU
		{736634F1-6FB5-45B0-8EA8-5AECE08EAB2B}.Production|Any CPU.ActiveCfg = Debug|Any CPU
		{736634F1-6FB5-45B0-8EA8-5AECE08EAB2B}.Production|Any CPU.Build.0 = Debug|Any CPU
		{736634F1-6FB5-45B0-8EA8-5AECE08EAB2B}.Release|Any CPU.ActiveCfg = Release|Any CPU
		{736634F1-6FB5-45B0-8EA8-5AECE08EAB2B}.Release|Any CPU.Build.0 = Release|Any CPU
		{EAF49D24-F15B-4647-B6D5-5A5B1CE1B755}.Debug|Any CPU.ActiveCfg = Debug|Any CPU
		{EAF49D24-F15B-4647-B6D5-5A5B1CE1B755}.Debug|Any CPU.Build.0 = Debug|Any CPU
		{EAF49D24-F15B-4647-B6D5-5A5B1CE1B755}.Production|Any CPU.ActiveCfg = Debug|Any CPU
		{EAF49D24-F15B-4647-B6D5-5A5B1CE1B755}.Production|Any CPU.Build.0 = Debug|Any CPU
		{EAF49D24-F15B-4647-B6D5-5A5B1CE1B755}.Release|Any CPU.ActiveCfg = Release|Any CPU
		{EAF49D24-F15B-4647-B6D5-5A5B1CE1B755}.Release|Any CPU.Build.0 = Release|Any CPU
		{69A0BA79-B268-4728-8FC8-557D6B524F1E}.Debug|Any CPU.ActiveCfg = Debug|Any CPU
		{69A0BA79-B268-4728-8FC8-557D6B524F1E}.Debug|Any CPU.Build.0 = Debug|Any CPU
		{69A0BA79-B268-4728-8FC8-557D6B524F1E}.Production|Any CPU.ActiveCfg = Debug|Any CPU
		{69A0BA79-B268-4728-8FC8-557D6B524F1E}.Production|Any CPU.Build.0 = Debug|Any CPU
		{69A0BA79-B268-4728-8FC8-557D6B524F1E}.Release|Any CPU.ActiveCfg = Release|Any CPU
		{69A0BA79-B268-4728-8FC8-557D6B524F1E}.Release|Any CPU.Build.0 = Release|Any CPU
		{A2D2B6AC-A654-45DF-A9BC-CCB568EE0707}.Debug|Any CPU.ActiveCfg = Debug|Any CPU
		{A2D2B6AC-A654-45DF-A9BC-CCB568EE0707}.Debug|Any CPU.Build.0 = Debug|Any CPU
		{A2D2B6AC-A654-45DF-A9BC-CCB568EE0707}.Production|Any CPU.ActiveCfg = Debug|Any CPU
		{A2D2B6AC-A654-45DF-A9BC-CCB568EE0707}.Production|Any CPU.Build.0 = Debug|Any CPU
		{A2D2B6AC-A654-45DF-A9BC-CCB568EE0707}.Release|Any CPU.ActiveCfg = Release|Any CPU
		{A2D2B6AC-A654-45DF-A9BC-CCB568EE0707}.Release|Any CPU.Build.0 = Release|Any CPU
		{6F0B62DC-1A05-48F5-9B4F-BC07DCFF7C58}.Debug|Any CPU.ActiveCfg = Debug|Any CPU
		{6F0B62DC-1A05-48F5-9B4F-BC07DCFF7C58}.Debug|Any CPU.Build.0 = Debug|Any CPU
		{6F0B62DC-1A05-48F5-9B4F-BC07DCFF7C58}.Production|Any CPU.ActiveCfg = Debug|Any CPU
		{6F0B62DC-1A05-48F5-9B4F-BC07DCFF7C58}.Production|Any CPU.Build.0 = Debug|Any CPU
		{6F0B62DC-1A05-48F5-9B4F-BC07DCFF7C58}.Release|Any CPU.ActiveCfg = Release|Any CPU
		{6F0B62DC-1A05-48F5-9B4F-BC07DCFF7C58}.Release|Any CPU.Build.0 = Release|Any CPU
		{F6363A4F-AFE1-4794-9B18-CD2E4B45C1D7}.Debug|Any CPU.ActiveCfg = Debug|Any CPU
		{F6363A4F-AFE1-4794-9B18-CD2E4B45C1D7}.Debug|Any CPU.Build.0 = Debug|Any CPU
		{F6363A4F-AFE1-4794-9B18-CD2E4B45C1D7}.Production|Any CPU.ActiveCfg = Debug|Any CPU
		{F6363A4F-AFE1-4794-9B18-CD2E4B45C1D7}.Production|Any CPU.Build.0 = Debug|Any CPU
		{F6363A4F-AFE1-4794-9B18-CD2E4B45C1D7}.Release|Any CPU.ActiveCfg = Release|Any CPU
		{F6363A4F-AFE1-4794-9B18-CD2E4B45C1D7}.Release|Any CPU.Build.0 = Release|Any CPU
	EndGlobalSection
	GlobalSection(SolutionProperties) = preSolution
		HideSolutionNode = FALSE
	EndGlobalSection
	GlobalSection(NestedProjects) = preSolution
		{773FEA5B-9910-438D-9264-5C203E26C0D5} = {DCC281AE-C83B-4E61-B639-A1C351C8040E}
		{736634F1-6FB5-45B0-8EA8-5AECE08EAB2B} = {C3EA5DCC-93BB-463C-A998-6DFF70637FCC}
		{EAF49D24-F15B-4647-B6D5-5A5B1CE1B755} = {51D6A086-7468-4FB4-859E-ADF8A6EF9765}
		{69A0BA79-B268-4728-8FC8-557D6B524F1E} = {51D6A086-7468-4FB4-859E-ADF8A6EF9765}
		{A2D2B6AC-A654-45DF-A9BC-CCB568EE0707} = {51D6A086-7468-4FB4-859E-ADF8A6EF9765}
	EndGlobalSection
	GlobalSection(ExtensibilityGlobals) = postSolution
		SolutionGuid = {29D0711B-D631-44B8-89C7-9A737949225A}
	EndGlobalSection
EndGlobal
